
Microsoft Visual Studio Solution File, Format Version 11.00
# Visual Studio 2010
Project("{FAE04EC0-301F-11D3-BF4B-00C04F79EFBC}") = "SimpleSVM", "SimpleSVM.csproj", "{88DBC060-CC71-4DCA-9667-FC31C119A16D}"
EndProject
Global
	GlobalSection(SolutionConfigurationPlatforms) = preSolution
		Debug|x86 = Debug|x86
		Release|x86 = Release|x86
	EndGlobalSection
	GlobalSection(ProjectConfigurationPlatforms) = postSolution
		{88DBC060-CC71-4DCA-9667-FC31C119A16D}.Debug|x86.ActiveCfg = Debug|x86
		{88DBC060-CC71-4DCA-9667-FC31C119A16D}.Debug|x86.Build.0 = Debug|x86
		{88DBC060-CC71-4DCA-9667-FC31C119A16D}.Release|x86.ActiveCfg = Release|x86
		{88DBC060-CC71-4DCA-9667-FC31C119A16D}.Release|x86.Build.0 = Release|x86
	EndGlobalSection
	GlobalSection(SolutionProperties) = preSolution
		HideSolutionNode = FALSE
	EndGlobalSection
EndGlobal
